# This file is automatically @generated by Cargo.
# It is not intended for manual editing.
version = 3

[[package]]
name = "day11"
version = "0.1.0"
dependencies = [
 "rustc-hash",
]

[[package]]
name = "rustc-hash"
version = "2.1.0"
source = "registry+https://github.com/rust-lang/crates.io-index"
checksum = "c7fb8039b3032c191086b10f11f319a6e99e1e82889c5cc6046f515c9db1d497"
